
Microsoft Visual Studio Solution File, Format Version 12.00
# Visual Studio Version 16
VisualStudioVersion = 16.0.32630.194
MinimumVisualStudioVersion = 10.0.40219.1
Project("{FAE04EC0-301F-11D3-BF4B-00C04F79EFBC}") = "ArkTools3.0", "ArkTools3.0\ArkTools3.0.csproj", "{178D4282-D950-4ED6-9E64-A04AE4212052}"
EndProject
Global
	GlobalSection(SolutionConfigurationPlatforms) = preSolution
		Debug|Any CPU = Debug|Any CPU
		Release|Any CPU = Release|Any CPU
	EndGlobalSection
	GlobalSection(ProjectConfigurationPlatforms) = postSolution
		{178D4282-D950-4ED6-9E64-A04AE4212052}.Debug|Any CPU.ActiveCfg = Debug|Any CPU
		{178D4282-D950-4ED6-9E64-A04AE4212052}.Debug|Any CPU.Build.0 = Debug|Any CPU
		{178D4282-D950-4ED6-9E64-A04AE4212052}.Release|Any CPU.ActiveCfg = Release|Any CPU
		{178D4282-D950-4ED6-9E64-A04AE4212052}.Release|Any CPU.Build.0 = Release|Any CPU
	EndGlobalSection
	GlobalSection(SolutionProperties) = preSolution
		HideSolutionNode = FALSE
	EndGlobalSection
	GlobalSection(ExtensibilityGlobals) = postSolution
		SolutionGuid = {93EA0D1B-422D-4375-BDE4-77B0E3A3BEC6}
	EndGlobalSection
EndGlobal
